
Microsoft Visual Studio Solution File, Format Version 11.00
# Visual Studio 2010
Project("{2150E333-8FDC-42A3-9474-1A3956D46DE8}") = "DocViewer", "DocViewer", "{5FD5E0DF-6BF1-4339-843D-C3596A93DD52}"
EndProject
Project("{2150E333-8FDC-42A3-9474-1A3956D46DE8}") = "DocDocumentViewer", "DocDocumentViewer", "{B4A01E1C-FF3C-458E-8D8E-37DA2BE33CD8}"
EndProject
Project("{FAE04EC0-301F-11D3-BF4B-00C04F79EFBC}") = "Export-VS2010", "WPF\DocDocumentViewer\Export\Export-VS2010.csproj", "{3C797BCB-354D-43D5-BE24-58A702FF0707}"
EndProject
Project("{FAE04EC0-301F-11D3-BF4B-00C04F79EFBC}") = "Open-VS2010", "WPF\DocDocumentViewer\Open\Open-VS2010.csproj", "{ADAAE2D8-16C2-418A-8BC2-DFB57ABC4047}"
EndProject
Project("{FAE04EC0-301F-11D3-BF4B-00C04F79EFBC}") = "Print-VS2010", "WPF\DocDocumentViewer\Print\Print-VS2010.csproj", "{066CABD6-A7F2-4A31-A1A4-3B58056551B0}"
EndProject
Project("{FAE04EC0-301F-11D3-BF4B-00C04F79EFBC}") = "Save-VS2010", "WPF\DocDocumentViewer\Save\Save-VS2010.csproj", "{8FAC4DBD-B848-4506-899D-0D06E0209E64}"
EndProject
Project("{FAE04EC0-301F-11D3-BF4B-00C04F79EFBC}") = "HelloWorld-VS2010", "WPF\DocViewer\HelloWorld\HelloWorld-VS2010.csproj", "{F6E2014D-E569-4A5D-8D51-0E8C51430DE3}"
EndProject
Global
	GlobalSection(SolutionConfigurationPlatforms) = preSolution
		Debug|x86 = Debug|x86
		Release|x86 = Release|x86
	EndGlobalSection
	GlobalSection(ProjectConfigurationPlatforms) = postSolution
		{3C797BCB-354D-43D5-BE24-58A702FF0707}.Debug|x86.ActiveCfg = Debug|x86
		{3C797BCB-354D-43D5-BE24-58A702FF0707}.Debug|x86.Build.0 = Debug|x86
		{3C797BCB-354D-43D5-BE24-58A702FF0707}.Release|x86.ActiveCfg = Release|x86
		{3C797BCB-354D-43D5-BE24-58A702FF0707}.Release|x86.Build.0 = Release|x86
		{ADAAE2D8-16C2-418A-8BC2-DFB57ABC4047}.Debug|x86.ActiveCfg = Debug|x86
		{ADAAE2D8-16C2-418A-8BC2-DFB57ABC4047}.Debug|x86.Build.0 = Debug|x86
		{ADAAE2D8-16C2-418A-8BC2-DFB57ABC4047}.Release|x86.ActiveCfg = Release|x86
		{ADAAE2D8-16C2-418A-8BC2-DFB57ABC4047}.Release|x86.Build.0 = Release|x86
		{066CABD6-A7F2-4A31-A1A4-3B58056551B0}.Debug|x86.ActiveCfg = Debug|x86
		{066CABD6-A7F2-4A31-A1A4-3B58056551B0}.Debug|x86.Build.0 = Debug|x86
		{066CABD6-A7F2-4A31-A1A4-3B58056551B0}.Release|x86.ActiveCfg = Release|x86
		{066CABD6-A7F2-4A31-A1A4-3B58056551B0}.Release|x86.Build.0 = Release|x86
		{8FAC4DBD-B848-4506-899D-0D06E0209E64}.Debug|x86.ActiveCfg = Debug|x86
		{8FAC4DBD-B848-4506-899D-0D06E0209E64}.Debug|x86.Build.0 = Debug|x86
		{8FAC4DBD-B848-4506-899D-0D06E0209E64}.Release|x86.ActiveCfg = Release|x86
		{8FAC4DBD-B848-4506-899D-0D06E0209E64}.Release|x86.Build.0 = Release|x86
		{F6E2014D-E569-4A5D-8D51-0E8C51430DE3}.Debug|x86.ActiveCfg = Debug|x86
		{F6E2014D-E569-4A5D-8D51-0E8C51430DE3}.Debug|x86.Build.0 = Debug|x86
		{F6E2014D-E569-4A5D-8D51-0E8C51430DE3}.Release|x86.ActiveCfg = Release|x86
		{F6E2014D-E569-4A5D-8D51-0E8C51430DE3}.Release|x86.Build.0 = Release|x86
	EndGlobalSection
	GlobalSection(SolutionProperties) = preSolution
		HideSolutionNode = FALSE
	EndGlobalSection
	GlobalSection(NestedProjects) = preSolution
		{F6E2014D-E569-4A5D-8D51-0E8C51430DE3} = {5FD5E0DF-6BF1-4339-843D-C3596A93DD52}
		{3C797BCB-354D-43D5-BE24-58A702FF0707} = {B4A01E1C-FF3C-458E-8D8E-37DA2BE33CD8}
		{ADAAE2D8-16C2-418A-8BC2-DFB57ABC4047} = {B4A01E1C-FF3C-458E-8D8E-37DA2BE33CD8}
		{066CABD6-A7F2-4A31-A1A4-3B58056551B0} = {B4A01E1C-FF3C-458E-8D8E-37DA2BE33CD8}
		{8FAC4DBD-B848-4506-899D-0D06E0209E64} = {B4A01E1C-FF3C-458E-8D8E-37DA2BE33CD8}
	EndGlobalSection
EndGlobal
