
Microsoft Visual Studio Solution File, Format Version 11.00
# Visual Studio 2010
Project("{2150E333-8FDC-42A3-9474-1A3956D46DE8}") = "PdfDocumentViewer", "PdfDocumentViewer", "{5DFF187C-63B9-4C2B-AD8A-4336AC642234}"
EndProject
Project("{2150E333-8FDC-42A3-9474-1A3956D46DE8}") = "PdfViewer", "PdfViewer", "{9B8696D0-FBEB-4A9F-86AF-D4EE17D089D5}"
EndProject
Project("{2150E333-8FDC-42A3-9474-1A3956D46DE8}") = "WPF", "WPF", "{2C3570B9-1AC6-4E94-A36F-FAEC90A853A5}"
EndProject
Project("{F184B08F-C81C-45F6-A57F-5ABD9991F28F}") = "Export-VS2010", "WPF\PdfDocumentViewer\Export\Export-VS2010.vbproj", "{88C5EC1C-8F4F-4EF4-BB2C-B917425369DA}"
EndProject
Project("{F184B08F-C81C-45F6-A57F-5ABD9991F28F}") = "Open-VS2010", "WPF\PdfDocumentViewer\Open\Open-VS2010.vbproj", "{ADAAE2D8-16C2-418A-8BC2-DFB57ABC4047}"
EndProject
Project("{F184B08F-C81C-45F6-A57F-5ABD9991F28F}") = "Paging-VS2010", "WPF\PdfDocumentViewer\Paging\Paging-VS2010.vbproj", "{9E27A1BF-24FB-4E91-821E-6EE93E081328}"
EndProject
Project("{F184B08F-C81C-45F6-A57F-5ABD9991F28F}") = "Print-VS2010", "WPF\PdfDocumentViewer\Print\Print-VS2010.vbproj", "{066CABD6-A7F2-4A31-A1A4-3B58056551B0}"
EndProject
Project("{F184B08F-C81C-45F6-A57F-5ABD9991F28F}") = "Save-VS2010", "WPF\PdfDocumentViewer\Save\Save-VS2010.vbproj", "{8FAC4DBD-B848-4506-899D-0D06E0209E64}"
EndProject
Project("{F184B08F-C81C-45F6-A57F-5ABD9991F28F}") = "Zoom-VS2010", "WPF\PdfDocumentViewer\Zoom\Zoom-VS2010.vbproj", "{92160EEE-D795-42AC-81DC-4550B4FE2332}"
EndProject
Project("{F184B08F-C81C-45F6-A57F-5ABD9991F28F}") = "Export-VS2010", "WPF\PdfViewer\Export\Export-VS2010.vbproj", "{7ACA8479-E632-4396-9A0F-339223294EF1}"
EndProject
Project("{F184B08F-C81C-45F6-A57F-5ABD9991F28F}") = "HelloWorld-VS2010", "WPF\PdfViewer\HelloWorld\HelloWorld-VS2010.vbproj", "{D5795B73-1A66-4E0D-B87A-D1A8AC337967}"
EndProject
Project("{F184B08F-C81C-45F6-A57F-5ABD9991F28F}") = "Open-VS2010", "WPF\PdfViewer\Open\Open-VS2010.vbproj", "{1D233E6F-2C2E-44B6-A0F5-8C62D836C2C2}"
EndProject
Project("{F184B08F-C81C-45F6-A57F-5ABD9991F28F}") = "Print-VS2010", "WPF\PdfViewer\Print\Print-VS2010.vbproj", "{35A7D042-89C7-4C43-A12C-0A2319067880}"
EndProject
Project("{F184B08F-C81C-45F6-A57F-5ABD9991F28F}") = "Save-VS2010", "WPF\PdfViewer\Save\Save-VS2010.vbproj", "{3CA48C9E-8FBF-4E9D-83D2-D8E8687F6C2E}"
EndProject
Project("{F184B08F-C81C-45F6-A57F-5ABD9991F28F}") = "Thumbnail-VS2010", "WPF\PdfDocumentViewer\PdfDocumentThumbnail\Thumbnail-VS2010.vbproj", "{466D18B1-7FB3-4A94-B14B-BDD6E58B594A}"
EndProject
Project("{F184B08F-C81C-45F6-A57F-5ABD9991F28F}") = "Bookmark-VS2010", "WPF\PdfDocumentViewer\Bookmark\Bookmark-VS2010.vbproj", "{1D653C0C-4326-4F17-9662-153DD420A933}"
EndProject
Project("{F184B08F-C81C-45F6-A57F-5ABD9991F28F}") = "Attachment-VS2010", "WPF\PdfDocumentViewer\Attachment\Attachment-VS2010.vbproj", "{3BC7B2EA-D430-4B71-8C32-7DC5743DCB53}"
EndProject
Project("{F184B08F-C81C-45F6-A57F-5ABD9991F28F}") = "Rotate-VS2010", "WPF\PdfDocumentViewer\Rotate\Rotate-VS2010.vbproj", "{0BB02253-CBC5-47C4-9919-90CF75FDFD7A}"
EndProject
Project("{F184B08F-C81C-45F6-A57F-5ABD9991F28F}") = "ViewerMode-VS2010", "WPF\PdfDocumentViewer\ViewerMode\ViewerMode-VS2010.vbproj", "{B4B6C362-77E0-4A18-B4F2-58EA935EAA4B}"
EndProject
Project("{F184B08F-C81C-45F6-A57F-5ABD9991F28F}") = "PageLayoutMode-VS2010", "WPF\PdfDocumentViewer\PageLayoutMode\PageLayoutMode-VS2010.vbproj", "{CFDBC3D3-1FBF-4F8E-9693-829296C7BB16}"
EndProject
Project("{F184B08F-C81C-45F6-A57F-5ABD9991F28F}") = "ExtendFunction-VS2010", "WPF\PdfDocumentViewer\ExtendFunction\ExtendFunction-VS2010.vbproj", "{A5D7A6E0-A776-4DDE-AEF0-A0F88C78BAD1}"
EndProject
Global
	GlobalSection(SolutionConfigurationPlatforms) = preSolution
		Debug|Any CPU = Debug|Any CPU
		Debug|Mixed Platforms = Debug|Mixed Platforms
		Debug|x86 = Debug|x86
		Debug-XML|Any CPU = Debug-XML|Any CPU
		Debug-XML|Mixed Platforms = Debug-XML|Mixed Platforms
		Debug-XML|x86 = Debug-XML|x86
		NUnit|Any CPU = NUnit|Any CPU
		NUnit|Mixed Platforms = NUnit|Mixed Platforms
		NUnit|x86 = NUnit|x86
		Release|Any CPU = Release|Any CPU
		Release|Mixed Platforms = Release|Mixed Platforms
		Release|x86 = Release|x86
		Release-Xml|Any CPU = Release-Xml|Any CPU
		Release-Xml|Mixed Platforms = Release-Xml|Mixed Platforms
		Release-Xml|x86 = Release-Xml|x86
	EndGlobalSection
	GlobalSection(ProjectConfigurationPlatforms) = postSolution
		{88C5EC1C-8F4F-4EF4-BB2C-B917425369DA}.Debug|Any CPU.ActiveCfg = Debug|x86
		{88C5EC1C-8F4F-4EF4-BB2C-B917425369DA}.Debug|Mixed Platforms.ActiveCfg = Debug|x86
		{88C5EC1C-8F4F-4EF4-BB2C-B917425369DA}.Debug|Mixed Platforms.Build.0 = Debug|x86
		{88C5EC1C-8F4F-4EF4-BB2C-B917425369DA}.Debug|x86.ActiveCfg = Debug|x86
		{88C5EC1C-8F4F-4EF4-BB2C-B917425369DA}.Debug|x86.Build.0 = Debug|x86
		{88C5EC1C-8F4F-4EF4-BB2C-B917425369DA}.Debug-XML|Any CPU.ActiveCfg = Debug|x86
		{88C5EC1C-8F4F-4EF4-BB2C-B917425369DA}.Debug-XML|Mixed Platforms.ActiveCfg = Debug|x86
		{88C5EC1C-8F4F-4EF4-BB2C-B917425369DA}.Debug-XML|Mixed Platforms.Build.0 = Debug|x86
		{88C5EC1C-8F4F-4EF4-BB2C-B917425369DA}.Debug-XML|x86.ActiveCfg = Debug|x86
		{88C5EC1C-8F4F-4EF4-BB2C-B917425369DA}.Debug-XML|x86.Build.0 = Debug|x86
		{88C5EC1C-8F4F-4EF4-BB2C-B917425369DA}.NUnit|Any CPU.ActiveCfg = Release|x86
		{88C5EC1C-8F4F-4EF4-BB2C-B917425369DA}.NUnit|Mixed Platforms.ActiveCfg = Release|x86
		{88C5EC1C-8F4F-4EF4-BB2C-B917425369DA}.NUnit|Mixed Platforms.Build.0 = Release|x86
		{88C5EC1C-8F4F-4EF4-BB2C-B917425369DA}.NUnit|x86.ActiveCfg = Release|x86
		{88C5EC1C-8F4F-4EF4-BB2C-B917425369DA}.NUnit|x86.Build.0 = Release|x86
		{88C5EC1C-8F4F-4EF4-BB2C-B917425369DA}.Release|Any CPU.ActiveCfg = Release|x86
		{88C5EC1C-8F4F-4EF4-BB2C-B917425369DA}.Release|Mixed Platforms.ActiveCfg = Release|x86
		{88C5EC1C-8F4F-4EF4-BB2C-B917425369DA}.Release|Mixed Platforms.Build.0 = Release|x86
		{88C5EC1C-8F4F-4EF4-BB2C-B917425369DA}.Release|x86.ActiveCfg = Release|x86
		{88C5EC1C-8F4F-4EF4-BB2C-B917425369DA}.Release|x86.Build.0 = Release|x86
		{88C5EC1C-8F4F-4EF4-BB2C-B917425369DA}.Release-Xml|Any CPU.ActiveCfg = Release|x86
		{88C5EC1C-8F4F-4EF4-BB2C-B917425369DA}.Release-Xml|Mixed Platforms.ActiveCfg = Release|x86
		{88C5EC1C-8F4F-4EF4-BB2C-B917425369DA}.Release-Xml|Mixed Platforms.Build.0 = Release|x86
		{88C5EC1C-8F4F-4EF4-BB2C-B917425369DA}.Release-Xml|x86.ActiveCfg = Release|x86
		{88C5EC1C-8F4F-4EF4-BB2C-B917425369DA}.Release-Xml|x86.Build.0 = Release|x86
		{ADAAE2D8-16C2-418A-8BC2-DFB57ABC4047}.Debug|Any CPU.ActiveCfg = Debug|x86
		{ADAAE2D8-16C2-418A-8BC2-DFB57ABC4047}.Debug|Mixed Platforms.ActiveCfg = Debug|x86
		{ADAAE2D8-16C2-418A-8BC2-DFB57ABC4047}.Debug|Mixed Platforms.Build.0 = Debug|x86
		{ADAAE2D8-16C2-418A-8BC2-DFB57ABC4047}.Debug|x86.ActiveCfg = Debug|x86
		{ADAAE2D8-16C2-418A-8BC2-DFB57ABC4047}.Debug|x86.Build.0 = Debug|x86
		{ADAAE2D8-16C2-418A-8BC2-DFB57ABC4047}.Debug-XML|Any CPU.ActiveCfg = Debug|x86
		{ADAAE2D8-16C2-418A-8BC2-DFB57ABC4047}.Debug-XML|Mixed Platforms.ActiveCfg = Debug|x86
		{ADAAE2D8-16C2-418A-8BC2-DFB57ABC4047}.Debug-XML|Mixed Platforms.Build.0 = Debug|x86
		{ADAAE2D8-16C2-418A-8BC2-DFB57ABC4047}.Debug-XML|x86.ActiveCfg = Debug|x86
		{ADAAE2D8-16C2-418A-8BC2-DFB57ABC4047}.Debug-XML|x86.Build.0 = Debug|x86
		{ADAAE2D8-16C2-418A-8BC2-DFB57ABC4047}.NUnit|Any CPU.ActiveCfg = Release|x86
		{ADAAE2D8-16C2-418A-8BC2-DFB57ABC4047}.NUnit|Mixed Platforms.ActiveCfg = Release|x86
		{ADAAE2D8-16C2-418A-8BC2-DFB57ABC4047}.NUnit|Mixed Platforms.Build.0 = Release|x86
		{ADAAE2D8-16C2-418A-8BC2-DFB57ABC4047}.NUnit|x86.ActiveCfg = Release|x86
		{ADAAE2D8-16C2-418A-8BC2-DFB57ABC4047}.NUnit|x86.Build.0 = Release|x86
		{ADAAE2D8-16C2-418A-8BC2-DFB57ABC4047}.Release|Any CPU.ActiveCfg = Release|x86
		{ADAAE2D8-16C2-418A-8BC2-DFB57ABC4047}.Release|Mixed Platforms.ActiveCfg = Release|x86
		{ADAAE2D8-16C2-418A-8BC2-DFB57ABC4047}.Release|Mixed Platforms.Build.0 = Release|x86
		{ADAAE2D8-16C2-418A-8BC2-DFB57ABC4047}.Release|x86.ActiveCfg = Release|x86
		{ADAAE2D8-16C2-418A-8BC2-DFB57ABC4047}.Release|x86.Build.0 = Release|x86
		{ADAAE2D8-16C2-418A-8BC2-DFB57ABC4047}.Release-Xml|Any CPU.ActiveCfg = Release|x86
		{ADAAE2D8-16C2-418A-8BC2-DFB57ABC4047}.Release-Xml|Mixed Platforms.ActiveCfg = Release|x86
		{ADAAE2D8-16C2-418A-8BC2-DFB57ABC4047}.Release-Xml|Mixed Platforms.Build.0 = Release|x86
		{ADAAE2D8-16C2-418A-8BC2-DFB57ABC4047}.Release-Xml|x86.ActiveCfg = Release|x86
		{ADAAE2D8-16C2-418A-8BC2-DFB57ABC4047}.Release-Xml|x86.Build.0 = Release|x86
		{9E27A1BF-24FB-4E91-821E-6EE93E081328}.Debug|Any CPU.ActiveCfg = Debug|x86
		{9E27A1BF-24FB-4E91-821E-6EE93E081328}.Debug|Mixed Platforms.ActiveCfg = Debug|x86
		{9E27A1BF-24FB-4E91-821E-6EE93E081328}.Debug|Mixed Platforms.Build.0 = Debug|x86
		{9E27A1BF-24FB-4E91-821E-6EE93E081328}.Debug|x86.ActiveCfg = Debug|x86
		{9E27A1BF-24FB-4E91-821E-6EE93E081328}.Debug|x86.Build.0 = Debug|x86
		{9E27A1BF-24FB-4E91-821E-6EE93E081328}.Debug-XML|Any CPU.ActiveCfg = Debug|x86
		{9E27A1BF-24FB-4E91-821E-6EE93E081328}.Debug-XML|Mixed Platforms.ActiveCfg = Debug|x86
		{9E27A1BF-24FB-4E91-821E-6EE93E081328}.Debug-XML|Mixed Platforms.Build.0 = Debug|x86
		{9E27A1BF-24FB-4E91-821E-6EE93E081328}.Debug-XML|x86.ActiveCfg = Debug|x86
		{9E27A1BF-24FB-4E91-821E-6EE93E081328}.Debug-XML|x86.Build.0 = Debug|x86
		{9E27A1BF-24FB-4E91-821E-6EE93E081328}.NUnit|Any CPU.ActiveCfg = Release|x86
		{9E27A1BF-24FB-4E91-821E-6EE93E081328}.NUnit|Mixed Platforms.ActiveCfg = Release|x86
		{9E27A1BF-24FB-4E91-821E-6EE93E081328}.NUnit|Mixed Platforms.Build.0 = Release|x86
		{9E27A1BF-24FB-4E91-821E-6EE93E081328}.NUnit|x86.ActiveCfg = Release|x86
		{9E27A1BF-24FB-4E91-821E-6EE93E081328}.NUnit|x86.Build.0 = Release|x86
		{9E27A1BF-24FB-4E91-821E-6EE93E081328}.Release|Any CPU.ActiveCfg = Release|x86
		{9E27A1BF-24FB-4E91-821E-6EE93E081328}.Release|Mixed Platforms.ActiveCfg = Release|x86
		{9E27A1BF-24FB-4E91-821E-6EE93E081328}.Release|Mixed Platforms.Build.0 = Release|x86
		{9E27A1BF-24FB-4E91-821E-6EE93E081328}.Release|x86.ActiveCfg = Release|x86
		{9E27A1BF-24FB-4E91-821E-6EE93E081328}.Release|x86.Build.0 = Release|x86
		{9E27A1BF-24FB-4E91-821E-6EE93E081328}.Release-Xml|Any CPU.ActiveCfg = Release|x86
		{9E27A1BF-24FB-4E91-821E-6EE93E081328}.Release-Xml|Mixed Platforms.ActiveCfg = Release|x86
		{9E27A1BF-24FB-4E91-821E-6EE93E081328}.Release-Xml|Mixed Platforms.Build.0 = Release|x86
		{9E27A1BF-24FB-4E91-821E-6EE93E081328}.Release-Xml|x86.ActiveCfg = Release|x86
		{9E27A1BF-24FB-4E91-821E-6EE93E081328}.Release-Xml|x86.Build.0 = Release|x86
		{066CABD6-A7F2-4A31-A1A4-3B58056551B0}.Debug|Any CPU.ActiveCfg = Debug|x86
		{066CABD6-A7F2-4A31-A1A4-3B58056551B0}.Debug|Mixed Platforms.ActiveCfg = Debug|x86
		{066CABD6-A7F2-4A31-A1A4-3B58056551B0}.Debug|Mixed Platforms.Build.0 = Debug|x86
		{066CABD6-A7F2-4A31-A1A4-3B58056551B0}.Debug|x86.ActiveCfg = Debug|x86
		{066CABD6-A7F2-4A31-A1A4-3B58056551B0}.Debug|x86.Build.0 = Debug|x86
		{066CABD6-A7F2-4A31-A1A4-3B58056551B0}.Debug-XML|Any CPU.ActiveCfg = Debug|x86
		{066CABD6-A7F2-4A31-A1A4-3B58056551B0}.Debug-XML|Mixed Platforms.ActiveCfg = Debug|x86
		{066CABD6-A7F2-4A31-A1A4-3B58056551B0}.Debug-XML|Mixed Platforms.Build.0 = Debug|x86
		{066CABD6-A7F2-4A31-A1A4-3B58056551B0}.Debug-XML|x86.ActiveCfg = Debug|x86
		{066CABD6-A7F2-4A31-A1A4-3B58056551B0}.Debug-XML|x86.Build.0 = Debug|x86
		{066CABD6-A7F2-4A31-A1A4-3B58056551B0}.NUnit|Any CPU.ActiveCfg = Release|x86
		{066CABD6-A7F2-4A31-A1A4-3B58056551B0}.NUnit|Mixed Platforms.ActiveCfg = Release|x86
		{066CABD6-A7F2-4A31-A1A4-3B58056551B0}.NUnit|Mixed Platforms.Build.0 = Release|x86
		{066CABD6-A7F2-4A31-A1A4-3B58056551B0}.NUnit|x86.ActiveCfg = Release|x86
		{066CABD6-A7F2-4A31-A1A4-3B58056551B0}.NUnit|x86.Build.0 = Release|x86
		{066CABD6-A7F2-4A31-A1A4-3B58056551B0}.Release|Any CPU.ActiveCfg = Release|x86
		{066CABD6-A7F2-4A31-A1A4-3B58056551B0}.Release|Mixed Platforms.ActiveCfg = Release|x86
		{066CABD6-A7F2-4A31-A1A4-3B58056551B0}.Release|Mixed Platforms.Build.0 = Release|x86
		{066CABD6-A7F2-4A31-A1A4-3B58056551B0}.Release|x86.ActiveCfg = Release|x86
		{066CABD6-A7F2-4A31-A1A4-3B58056551B0}.Release|x86.Build.0 = Release|x86
		{066CABD6-A7F2-4A31-A1A4-3B58056551B0}.Release-Xml|Any CPU.ActiveCfg = Release|x86
		{066CABD6-A7F2-4A31-A1A4-3B58056551B0}.Release-Xml|Mixed Platforms.ActiveCfg = Release|x86
		{066CABD6-A7F2-4A31-A1A4-3B58056551B0}.Release-Xml|Mixed Platforms.Build.0 = Release|x86
		{066CABD6-A7F2-4A31-A1A4-3B58056551B0}.Release-Xml|x86.ActiveCfg = Release|x86
		{066CABD6-A7F2-4A31-A1A4-3B58056551B0}.Release-Xml|x86.Build.0 = Release|x86
		{8FAC4DBD-B848-4506-899D-0D06E0209E64}.Debug|Any CPU.ActiveCfg = Debug|x86
		{8FAC4DBD-B848-4506-899D-0D06E0209E64}.Debug|Mixed Platforms.ActiveCfg = Debug|x86
		{8FAC4DBD-B848-4506-899D-0D06E0209E64}.Debug|Mixed Platforms.Build.0 = Debug|x86
		{8FAC4DBD-B848-4506-899D-0D06E0209E64}.Debug|x86.ActiveCfg = Debug|x86
		{8FAC4DBD-B848-4506-899D-0D06E0209E64}.Debug|x86.Build.0 = Debug|x86
		{8FAC4DBD-B848-4506-899D-0D06E0209E64}.Debug-XML|Any CPU.ActiveCfg = Debug|x86
		{8FAC4DBD-B848-4506-899D-0D06E0209E64}.Debug-XML|Mixed Platforms.ActiveCfg = Debug|x86
		{8FAC4DBD-B848-4506-899D-0D06E0209E64}.Debug-XML|Mixed Platforms.Build.0 = Debug|x86
		{8FAC4DBD-B848-4506-899D-0D06E0209E64}.Debug-XML|x86.ActiveCfg = Debug|x86
		{8FAC4DBD-B848-4506-899D-0D06E0209E64}.Debug-XML|x86.Build.0 = Debug|x86
		{8FAC4DBD-B848-4506-899D-0D06E0209E64}.NUnit|Any CPU.ActiveCfg = Release|x86
		{8FAC4DBD-B848-4506-899D-0D06E0209E64}.NUnit|Mixed Platforms.ActiveCfg = Release|x86
		{8FAC4DBD-B848-4506-899D-0D06E0209E64}.NUnit|Mixed Platforms.Build.0 = Release|x86
		{8FAC4DBD-B848-4506-899D-0D06E0209E64}.NUnit|x86.ActiveCfg = Release|x86
		{8FAC4DBD-B848-4506-899D-0D06E0209E64}.NUnit|x86.Build.0 = Release|x86
		{8FAC4DBD-B848-4506-899D-0D06E0209E64}.Release|Any CPU.ActiveCfg = Release|x86
		{8FAC4DBD-B848-4506-899D-0D06E0209E64}.Release|Mixed Platforms.ActiveCfg = Release|x86
		{8FAC4DBD-B848-4506-899D-0D06E0209E64}.Release|Mixed Platforms.Build.0 = Release|x86
		{8FAC4DBD-B848-4506-899D-0D06E0209E64}.Release|x86.ActiveCfg = Release|x86
		{8FAC4DBD-B848-4506-899D-0D06E0209E64}.Release|x86.Build.0 = Release|x86
		{8FAC4DBD-B848-4506-899D-0D06E0209E64}.Release-Xml|Any CPU.ActiveCfg = Release|x86
		{8FAC4DBD-B848-4506-899D-0D06E0209E64}.Release-Xml|Mixed Platforms.ActiveCfg = Release|x86
		{8FAC4DBD-B848-4506-899D-0D06E0209E64}.Release-Xml|Mixed Platforms.Build.0 = Release|x86
		{8FAC4DBD-B848-4506-899D-0D06E0209E64}.Release-Xml|x86.ActiveCfg = Release|x86
		{8FAC4DBD-B848-4506-899D-0D06E0209E64}.Release-Xml|x86.Build.0 = Release|x86
		{92160EEE-D795-42AC-81DC-4550B4FE2332}.Debug|Any CPU.ActiveCfg = Debug|x86
		{92160EEE-D795-42AC-81DC-4550B4FE2332}.Debug|Mixed Platforms.ActiveCfg = Debug|x86
		{92160EEE-D795-42AC-81DC-4550B4FE2332}.Debug|Mixed Platforms.Build.0 = Debug|x86
		{92160EEE-D795-42AC-81DC-4550B4FE2332}.Debug|x86.ActiveCfg = Debug|x86
		{92160EEE-D795-42AC-81DC-4550B4FE2332}.Debug|x86.Build.0 = Debug|x86
		{92160EEE-D795-42AC-81DC-4550B4FE2332}.Debug-XML|Any CPU.ActiveCfg = Debug|x86
		{92160EEE-D795-42AC-81DC-4550B4FE2332}.Debug-XML|Mixed Platforms.ActiveCfg = Debug|x86
		{92160EEE-D795-42AC-81DC-4550B4FE2332}.Debug-XML|Mixed Platforms.Build.0 = Debug|x86
		{92160EEE-D795-42AC-81DC-4550B4FE2332}.Debug-XML|x86.ActiveCfg = Debug|x86
		{92160EEE-D795-42AC-81DC-4550B4FE2332}.Debug-XML|x86.Build.0 = Debug|x86
		{92160EEE-D795-42AC-81DC-4550B4FE2332}.NUnit|Any CPU.ActiveCfg = Release|x86
		{92160EEE-D795-42AC-81DC-4550B4FE2332}.NUnit|Mixed Platforms.ActiveCfg = Release|x86
		{92160EEE-D795-42AC-81DC-4550B4FE2332}.NUnit|Mixed Platforms.Build.0 = Release|x86
		{92160EEE-D795-42AC-81DC-4550B4FE2332}.NUnit|x86.ActiveCfg = Release|x86
		{92160EEE-D795-42AC-81DC-4550B4FE2332}.NUnit|x86.Build.0 = Release|x86
		{92160EEE-D795-42AC-81DC-4550B4FE2332}.Release|Any CPU.ActiveCfg = Release|x86
		{92160EEE-D795-42AC-81DC-4550B4FE2332}.Release|Mixed Platforms.ActiveCfg = Release|x86
		{92160EEE-D795-42AC-81DC-4550B4FE2332}.Release|Mixed Platforms.Build.0 = Release|x86
		{92160EEE-D795-42AC-81DC-4550B4FE2332}.Release|x86.ActiveCfg = Release|x86
		{92160EEE-D795-42AC-81DC-4550B4FE2332}.Release|x86.Build.0 = Release|x86
		{92160EEE-D795-42AC-81DC-4550B4FE2332}.Release-Xml|Any CPU.ActiveCfg = Release|x86
		{92160EEE-D795-42AC-81DC-4550B4FE2332}.Release-Xml|Mixed Platforms.ActiveCfg = Release|x86
		{92160EEE-D795-42AC-81DC-4550B4FE2332}.Release-Xml|Mixed Platforms.Build.0 = Release|x86
		{92160EEE-D795-42AC-81DC-4550B4FE2332}.Release-Xml|x86.ActiveCfg = Release|x86
		{92160EEE-D795-42AC-81DC-4550B4FE2332}.Release-Xml|x86.Build.0 = Release|x86
		{7ACA8479-E632-4396-9A0F-339223294EF1}.Debug|Any CPU.ActiveCfg = Debug|x86
		{7ACA8479-E632-4396-9A0F-339223294EF1}.Debug|Mixed Platforms.ActiveCfg = Debug|x86
		{7ACA8479-E632-4396-9A0F-339223294EF1}.Debug|Mixed Platforms.Build.0 = Debug|x86
		{7ACA8479-E632-4396-9A0F-339223294EF1}.Debug|x86.ActiveCfg = Debug|x86
		{7ACA8479-E632-4396-9A0F-339223294EF1}.Debug|x86.Build.0 = Debug|x86
		{7ACA8479-E632-4396-9A0F-339223294EF1}.Debug-XML|Any CPU.ActiveCfg = Debug|x86
		{7ACA8479-E632-4396-9A0F-339223294EF1}.Debug-XML|Mixed Platforms.ActiveCfg = Debug|x86
		{7ACA8479-E632-4396-9A0F-339223294EF1}.Debug-XML|x86.ActiveCfg = Debug|x86
		{7ACA8479-E632-4396-9A0F-339223294EF1}.NUnit|Any CPU.ActiveCfg = Release|x86
		{7ACA8479-E632-4396-9A0F-339223294EF1}.NUnit|Mixed Platforms.ActiveCfg = Release|x86
		{7ACA8479-E632-4396-9A0F-339223294EF1}.NUnit|x86.ActiveCfg = Release|x86
		{7ACA8479-E632-4396-9A0F-339223294EF1}.Release|Any CPU.ActiveCfg = Release|x86
		{7ACA8479-E632-4396-9A0F-339223294EF1}.Release|Mixed Platforms.ActiveCfg = Release|x86
		{7ACA8479-E632-4396-9A0F-339223294EF1}.Release|x86.ActiveCfg = Release|x86
		{7ACA8479-E632-4396-9A0F-339223294EF1}.Release|x86.Build.0 = Release|x86
		{7ACA8479-E632-4396-9A0F-339223294EF1}.Release-Xml|Any CPU.ActiveCfg = Release|x86
		{7ACA8479-E632-4396-9A0F-339223294EF1}.Release-Xml|Mixed Platforms.ActiveCfg = Release|x86
		{7ACA8479-E632-4396-9A0F-339223294EF1}.Release-Xml|x86.ActiveCfg = Release|x86
		{D5795B73-1A66-4E0D-B87A-D1A8AC337967}.Debug|Any CPU.ActiveCfg = Debug|x86
		{D5795B73-1A66-4E0D-B87A-D1A8AC337967}.Debug|Mixed Platforms.ActiveCfg = Debug|x86
		{D5795B73-1A66-4E0D-B87A-D1A8AC337967}.Debug|Mixed Platforms.Build.0 = Debug|x86
		{D5795B73-1A66-4E0D-B87A-D1A8AC337967}.Debug|x86.ActiveCfg = Debug|x86
		{D5795B73-1A66-4E0D-B87A-D1A8AC337967}.Debug|x86.Build.0 = Debug|x86
		{D5795B73-1A66-4E0D-B87A-D1A8AC337967}.Debug-XML|Any CPU.ActiveCfg = Debug|x86
		{D5795B73-1A66-4E0D-B87A-D1A8AC337967}.Debug-XML|Mixed Platforms.ActiveCfg = Debug|x86
		{D5795B73-1A66-4E0D-B87A-D1A8AC337967}.Debug-XML|x86.ActiveCfg = Debug|x86
		{D5795B73-1A66-4E0D-B87A-D1A8AC337967}.NUnit|Any CPU.ActiveCfg = Release|x86
		{D5795B73-1A66-4E0D-B87A-D1A8AC337967}.NUnit|Mixed Platforms.ActiveCfg = Release|x86
		{D5795B73-1A66-4E0D-B87A-D1A8AC337967}.NUnit|x86.ActiveCfg = Release|x86
		{D5795B73-1A66-4E0D-B87A-D1A8AC337967}.Release|Any CPU.ActiveCfg = Release|x86
		{D5795B73-1A66-4E0D-B87A-D1A8AC337967}.Release|Mixed Platforms.ActiveCfg = Release|x86
		{D5795B73-1A66-4E0D-B87A-D1A8AC337967}.Release|x86.ActiveCfg = Release|x86
		{D5795B73-1A66-4E0D-B87A-D1A8AC337967}.Release|x86.Build.0 = Release|x86
		{D5795B73-1A66-4E0D-B87A-D1A8AC337967}.Release-Xml|Any CPU.ActiveCfg = Release|x86
		{D5795B73-1A66-4E0D-B87A-D1A8AC337967}.Release-Xml|Mixed Platforms.ActiveCfg = Release|x86
		{D5795B73-1A66-4E0D-B87A-D1A8AC337967}.Release-Xml|x86.ActiveCfg = Release|x86
		{1D233E6F-2C2E-44B6-A0F5-8C62D836C2C2}.Debug|Any CPU.ActiveCfg = Debug|x86
		{1D233E6F-2C2E-44B6-A0F5-8C62D836C2C2}.Debug|Mixed Platforms.ActiveCfg = Debug|x86
		{1D233E6F-2C2E-44B6-A0F5-8C62D836C2C2}.Debug|Mixed Platforms.Build.0 = Debug|x86
		{1D233E6F-2C2E-44B6-A0F5-8C62D836C2C2}.Debug|x86.ActiveCfg = Debug|x86
		{1D233E6F-2C2E-44B6-A0F5-8C62D836C2C2}.Debug|x86.Build.0 = Debug|x86
		{1D233E6F-2C2E-44B6-A0F5-8C62D836C2C2}.Debug-XML|Any CPU.ActiveCfg = Debug|x86
		{1D233E6F-2C2E-44B6-A0F5-8C62D836C2C2}.Debug-XML|Mixed Platforms.ActiveCfg = Debug|x86
		{1D233E6F-2C2E-44B6-A0F5-8C62D836C2C2}.Debug-XML|Mixed Platforms.Build.0 = Debug|x86
		{1D233E6F-2C2E-44B6-A0F5-8C62D836C2C2}.Debug-XML|x86.ActiveCfg = Debug|x86
		{1D233E6F-2C2E-44B6-A0F5-8C62D836C2C2}.Debug-XML|x86.Build.0 = Debug|x86
		{1D233E6F-2C2E-44B6-A0F5-8C62D836C2C2}.NUnit|Any CPU.ActiveCfg = Release|x86
		{1D233E6F-2C2E-44B6-A0F5-8C62D836C2C2}.NUnit|Mixed Platforms.ActiveCfg = Release|x86
		{1D233E6F-2C2E-44B6-A0F5-8C62D836C2C2}.NUnit|Mixed Platforms.Build.0 = Release|x86
		{1D233E6F-2C2E-44B6-A0F5-8C62D836C2C2}.NUnit|x86.ActiveCfg = Release|x86
		{1D233E6F-2C2E-44B6-A0F5-8C62D836C2C2}.NUnit|x86.Build.0 = Release|x86
		{1D233E6F-2C2E-44B6-A0F5-8C62D836C2C2}.Release|Any CPU.ActiveCfg = Release|x86
		{1D233E6F-2C2E-44B6-A0F5-8C62D836C2C2}.Release|Mixed Platforms.ActiveCfg = Release|x86
		{1D233E6F-2C2E-44B6-A0F5-8C62D836C2C2}.Release|Mixed Platforms.Build.0 = Release|x86
		{1D233E6F-2C2E-44B6-A0F5-8C62D836C2C2}.Release|x86.ActiveCfg = Release|x86
		{1D233E6F-2C2E-44B6-A0F5-8C62D836C2C2}.Release|x86.Build.0 = Release|x86
		{1D233E6F-2C2E-44B6-A0F5-8C62D836C2C2}.Release-Xml|Any CPU.ActiveCfg = Release|x86
		{1D233E6F-2C2E-44B6-A0F5-8C62D836C2C2}.Release-Xml|Mixed Platforms.ActiveCfg = Release|x86
		{1D233E6F-2C2E-44B6-A0F5-8C62D836C2C2}.Release-Xml|Mixed Platforms.Build.0 = Release|x86
		{1D233E6F-2C2E-44B6-A0F5-8C62D836C2C2}.Release-Xml|x86.ActiveCfg = Release|x86
		{1D233E6F-2C2E-44B6-A0F5-8C62D836C2C2}.Release-Xml|x86.Build.0 = Release|x86
		{35A7D042-89C7-4C43-A12C-0A2319067880}.Debug|Any CPU.ActiveCfg = Debug|x86
		{35A7D042-89C7-4C43-A12C-0A2319067880}.Debug|Mixed Platforms.ActiveCfg = Debug|x86
		{35A7D042-89C7-4C43-A12C-0A2319067880}.Debug|Mixed Platforms.Build.0 = Debug|x86
		{35A7D042-89C7-4C43-A12C-0A2319067880}.Debug|x86.ActiveCfg = Debug|x86
		{35A7D042-89C7-4C43-A12C-0A2319067880}.Debug|x86.Build.0 = Debug|x86
		{35A7D042-89C7-4C43-A12C-0A2319067880}.Debug-XML|Any CPU.ActiveCfg = Debug|x86
		{35A7D042-89C7-4C43-A12C-0A2319067880}.Debug-XML|Mixed Platforms.ActiveCfg = Debug|x86
		{35A7D042-89C7-4C43-A12C-0A2319067880}.Debug-XML|Mixed Platforms.Build.0 = Debug|x86
		{35A7D042-89C7-4C43-A12C-0A2319067880}.Debug-XML|x86.ActiveCfg = Debug|x86
		{35A7D042-89C7-4C43-A12C-0A2319067880}.Debug-XML|x86.Build.0 = Debug|x86
		{35A7D042-89C7-4C43-A12C-0A2319067880}.NUnit|Any CPU.ActiveCfg = Release|x86
		{35A7D042-89C7-4C43-A12C-0A2319067880}.NUnit|Mixed Platforms.ActiveCfg = Release|x86
		{35A7D042-89C7-4C43-A12C-0A2319067880}.NUnit|Mixed Platforms.Build.0 = Release|x86
		{35A7D042-89C7-4C43-A12C-0A2319067880}.NUnit|x86.ActiveCfg = Release|x86
		{35A7D042-89C7-4C43-A12C-0A2319067880}.NUnit|x86.Build.0 = Release|x86
		{35A7D042-89C7-4C43-A12C-0A2319067880}.Release|Any CPU.ActiveCfg = Release|x86
		{35A7D042-89C7-4C43-A12C-0A2319067880}.Release|Mixed Platforms.ActiveCfg = Release|x86
		{35A7D042-89C7-4C43-A12C-0A2319067880}.Release|Mixed Platforms.Build.0 = Release|x86
		{35A7D042-89C7-4C43-A12C-0A2319067880}.Release|x86.ActiveCfg = Release|x86
		{35A7D042-89C7-4C43-A12C-0A2319067880}.Release|x86.Build.0 = Release|x86
		{35A7D042-89C7-4C43-A12C-0A2319067880}.Release-Xml|Any CPU.ActiveCfg = Release|x86
		{35A7D042-89C7-4C43-A12C-0A2319067880}.Release-Xml|Mixed Platforms.ActiveCfg = Release|x86
		{35A7D042-89C7-4C43-A12C-0A2319067880}.Release-Xml|Mixed Platforms.Build.0 = Release|x86
		{35A7D042-89C7-4C43-A12C-0A2319067880}.Release-Xml|x86.ActiveCfg = Release|x86
		{35A7D042-89C7-4C43-A12C-0A2319067880}.Release-Xml|x86.Build.0 = Release|x86
		{3CA48C9E-8FBF-4E9D-83D2-D8E8687F6C2E}.Debug|Any CPU.ActiveCfg = Debug|x86
		{3CA48C9E-8FBF-4E9D-83D2-D8E8687F6C2E}.Debug|Mixed Platforms.ActiveCfg = Debug|x86
		{3CA48C9E-8FBF-4E9D-83D2-D8E8687F6C2E}.Debug|Mixed Platforms.Build.0 = Debug|x86
		{3CA48C9E-8FBF-4E9D-83D2-D8E8687F6C2E}.Debug|x86.ActiveCfg = Debug|x86
		{3CA48C9E-8FBF-4E9D-83D2-D8E8687F6C2E}.Debug|x86.Build.0 = Debug|x86
		{3CA48C9E-8FBF-4E9D-83D2-D8E8687F6C2E}.Debug-XML|Any CPU.ActiveCfg = Debug|x86
		{3CA48C9E-8FBF-4E9D-83D2-D8E8687F6C2E}.Debug-XML|Mixed Platforms.ActiveCfg = Debug|x86
		{3CA48C9E-8FBF-4E9D-83D2-D8E8687F6C2E}.Debug-XML|Mixed Platforms.Build.0 = Debug|x86
		{3CA48C9E-8FBF-4E9D-83D2-D8E8687F6C2E}.Debug-XML|x86.ActiveCfg = Debug|x86
		{3CA48C9E-8FBF-4E9D-83D2-D8E8687F6C2E}.Debug-XML|x86.Build.0 = Debug|x86
		{3CA48C9E-8FBF-4E9D-83D2-D8E8687F6C2E}.NUnit|Any CPU.ActiveCfg = Release|x86
		{3CA48C9E-8FBF-4E9D-83D2-D8E8687F6C2E}.NUnit|Mixed Platforms.ActiveCfg = Release|x86
		{3CA48C9E-8FBF-4E9D-83D2-D8E8687F6C2E}.NUnit|Mixed Platforms.Build.0 = Release|x86
		{3CA48C9E-8FBF-4E9D-83D2-D8E8687F6C2E}.NUnit|x86.ActiveCfg = Release|x86
		{3CA48C9E-8FBF-4E9D-83D2-D8E8687F6C2E}.NUnit|x86.Build.0 = Release|x86
		{3CA48C9E-8FBF-4E9D-83D2-D8E8687F6C2E}.Release|Any CPU.ActiveCfg = Release|x86
		{3CA48C9E-8FBF-4E9D-83D2-D8E8687F6C2E}.Release|Mixed Platforms.ActiveCfg = Release|x86
		{3CA48C9E-8FBF-4E9D-83D2-D8E8687F6C2E}.Release|Mixed Platforms.Build.0 = Release|x86
		{3CA48C9E-8FBF-4E9D-83D2-D8E8687F6C2E}.Release|x86.ActiveCfg = Release|x86
		{3CA48C9E-8FBF-4E9D-83D2-D8E8687F6C2E}.Release|x86.Build.0 = Release|x86
		{3CA48C9E-8FBF-4E9D-83D2-D8E8687F6C2E}.Release-Xml|Any CPU.ActiveCfg = Release|x86
		{3CA48C9E-8FBF-4E9D-83D2-D8E8687F6C2E}.Release-Xml|Mixed Platforms.ActiveCfg = Release|x86
		{3CA48C9E-8FBF-4E9D-83D2-D8E8687F6C2E}.Release-Xml|Mixed Platforms.Build.0 = Release|x86
		{3CA48C9E-8FBF-4E9D-83D2-D8E8687F6C2E}.Release-Xml|x86.ActiveCfg = Release|x86
		{3CA48C9E-8FBF-4E9D-83D2-D8E8687F6C2E}.Release-Xml|x86.Build.0 = Release|x86
		{466D18B1-7FB3-4A94-B14B-BDD6E58B594A}.Debug|Any CPU.ActiveCfg = Debug|x86
		{466D18B1-7FB3-4A94-B14B-BDD6E58B594A}.Debug|Mixed Platforms.ActiveCfg = Debug|x86
		{466D18B1-7FB3-4A94-B14B-BDD6E58B594A}.Debug|Mixed Platforms.Build.0 = Debug|x86
		{466D18B1-7FB3-4A94-B14B-BDD6E58B594A}.Debug|x86.ActiveCfg = Debug|x86
		{466D18B1-7FB3-4A94-B14B-BDD6E58B594A}.Debug|x86.Build.0 = Debug|x86
		{466D18B1-7FB3-4A94-B14B-BDD6E58B594A}.Debug-XML|Any CPU.ActiveCfg = Debug|x86
		{466D18B1-7FB3-4A94-B14B-BDD6E58B594A}.Debug-XML|Mixed Platforms.ActiveCfg = Debug|x86
		{466D18B1-7FB3-4A94-B14B-BDD6E58B594A}.Debug-XML|Mixed Platforms.Build.0 = Debug|x86
		{466D18B1-7FB3-4A94-B14B-BDD6E58B594A}.Debug-XML|x86.ActiveCfg = Debug|x86
		{466D18B1-7FB3-4A94-B14B-BDD6E58B594A}.Debug-XML|x86.Build.0 = Debug|x86
		{466D18B1-7FB3-4A94-B14B-BDD6E58B594A}.NUnit|Any CPU.ActiveCfg = Release|x86
		{466D18B1-7FB3-4A94-B14B-BDD6E58B594A}.NUnit|Mixed Platforms.ActiveCfg = Release|x86
		{466D18B1-7FB3-4A94-B14B-BDD6E58B594A}.NUnit|Mixed Platforms.Build.0 = Release|x86
		{466D18B1-7FB3-4A94-B14B-BDD6E58B594A}.NUnit|x86.ActiveCfg = Release|x86
		{466D18B1-7FB3-4A94-B14B-BDD6E58B594A}.NUnit|x86.Build.0 = Release|x86
		{466D18B1-7FB3-4A94-B14B-BDD6E58B594A}.Release|Any CPU.ActiveCfg = Release|x86
		{466D18B1-7FB3-4A94-B14B-BDD6E58B594A}.Release|Mixed Platforms.ActiveCfg = Release|x86
		{466D18B1-7FB3-4A94-B14B-BDD6E58B594A}.Release|Mixed Platforms.Build.0 = Release|x86
		{466D18B1-7FB3-4A94-B14B-BDD6E58B594A}.Release|x86.ActiveCfg = Release|x86
		{466D18B1-7FB3-4A94-B14B-BDD6E58B594A}.Release|x86.Build.0 = Release|x86
		{466D18B1-7FB3-4A94-B14B-BDD6E58B594A}.Release-Xml|Any CPU.ActiveCfg = Release|x86
		{466D18B1-7FB3-4A94-B14B-BDD6E58B594A}.Release-Xml|Mixed Platforms.ActiveCfg = Release|x86
		{466D18B1-7FB3-4A94-B14B-BDD6E58B594A}.Release-Xml|Mixed Platforms.Build.0 = Release|x86
		{466D18B1-7FB3-4A94-B14B-BDD6E58B594A}.Release-Xml|x86.ActiveCfg = Release|x86
		{466D18B1-7FB3-4A94-B14B-BDD6E58B594A}.Release-Xml|x86.Build.0 = Release|x86
		{1D653C0C-4326-4F17-9662-153DD420A933}.Debug|Any CPU.ActiveCfg = Debug|x86
		{1D653C0C-4326-4F17-9662-153DD420A933}.Debug|Mixed Platforms.ActiveCfg = Debug|x86
		{1D653C0C-4326-4F17-9662-153DD420A933}.Debug|Mixed Platforms.Build.0 = Debug|x86
		{1D653C0C-4326-4F17-9662-153DD420A933}.Debug|x86.ActiveCfg = Debug|x86
		{1D653C0C-4326-4F17-9662-153DD420A933}.Debug|x86.Build.0 = Debug|x86
		{1D653C0C-4326-4F17-9662-153DD420A933}.Debug-XML|Any CPU.ActiveCfg = Debug|x86
		{1D653C0C-4326-4F17-9662-153DD420A933}.Debug-XML|Mixed Platforms.ActiveCfg = Debug|x86
		{1D653C0C-4326-4F17-9662-153DD420A933}.Debug-XML|Mixed Platforms.Build.0 = Debug|x86
		{1D653C0C-4326-4F17-9662-153DD420A933}.Debug-XML|x86.ActiveCfg = Debug|x86
		{1D653C0C-4326-4F17-9662-153DD420A933}.Debug-XML|x86.Build.0 = Debug|x86
		{1D653C0C-4326-4F17-9662-153DD420A933}.NUnit|Any CPU.ActiveCfg = Release|x86
		{1D653C0C-4326-4F17-9662-153DD420A933}.NUnit|Mixed Platforms.ActiveCfg = Release|x86
		{1D653C0C-4326-4F17-9662-153DD420A933}.NUnit|Mixed Platforms.Build.0 = Release|x86
		{1D653C0C-4326-4F17-9662-153DD420A933}.NUnit|x86.ActiveCfg = Release|x86
		{1D653C0C-4326-4F17-9662-153DD420A933}.NUnit|x86.Build.0 = Release|x86
		{1D653C0C-4326-4F17-9662-153DD420A933}.Release|Any CPU.ActiveCfg = Release|x86
		{1D653C0C-4326-4F17-9662-153DD420A933}.Release|Mixed Platforms.ActiveCfg = Release|x86
		{1D653C0C-4326-4F17-9662-153DD420A933}.Release|Mixed Platforms.Build.0 = Release|x86
		{1D653C0C-4326-4F17-9662-153DD420A933}.Release|x86.ActiveCfg = Release|x86
		{1D653C0C-4326-4F17-9662-153DD420A933}.Release|x86.Build.0 = Release|x86
		{1D653C0C-4326-4F17-9662-153DD420A933}.Release-Xml|Any CPU.ActiveCfg = Release|x86
		{1D653C0C-4326-4F17-9662-153DD420A933}.Release-Xml|Mixed Platforms.ActiveCfg = Release|x86
		{1D653C0C-4326-4F17-9662-153DD420A933}.Release-Xml|Mixed Platforms.Build.0 = Release|x86
		{1D653C0C-4326-4F17-9662-153DD420A933}.Release-Xml|x86.ActiveCfg = Release|x86
		{1D653C0C-4326-4F17-9662-153DD420A933}.Release-Xml|x86.Build.0 = Release|x86
		{3BC7B2EA-D430-4B71-8C32-7DC5743DCB53}.Debug|Any CPU.ActiveCfg = Debug|x86
		{3BC7B2EA-D430-4B71-8C32-7DC5743DCB53}.Debug|Mixed Platforms.ActiveCfg = Debug|x86
		{3BC7B2EA-D430-4B71-8C32-7DC5743DCB53}.Debug|Mixed Platforms.Build.0 = Debug|x86
		{3BC7B2EA-D430-4B71-8C32-7DC5743DCB53}.Debug|x86.ActiveCfg = Debug|x86
		{3BC7B2EA-D430-4B71-8C32-7DC5743DCB53}.Debug|x86.Build.0 = Debug|x86
		{3BC7B2EA-D430-4B71-8C32-7DC5743DCB53}.Debug-XML|Any CPU.ActiveCfg = Debug|x86
		{3BC7B2EA-D430-4B71-8C32-7DC5743DCB53}.Debug-XML|Mixed Platforms.ActiveCfg = Debug|x86
		{3BC7B2EA-D430-4B71-8C32-7DC5743DCB53}.Debug-XML|Mixed Platforms.Build.0 = Debug|x86
		{3BC7B2EA-D430-4B71-8C32-7DC5743DCB53}.Debug-XML|x86.ActiveCfg = Debug|x86
		{3BC7B2EA-D430-4B71-8C32-7DC5743DCB53}.Debug-XML|x86.Build.0 = Debug|x86
		{3BC7B2EA-D430-4B71-8C32-7DC5743DCB53}.NUnit|Any CPU.ActiveCfg = Release|x86
		{3BC7B2EA-D430-4B71-8C32-7DC5743DCB53}.NUnit|Mixed Platforms.ActiveCfg = Release|x86
		{3BC7B2EA-D430-4B71-8C32-7DC5743DCB53}.NUnit|Mixed Platforms.Build.0 = Release|x86
		{3BC7B2EA-D430-4B71-8C32-7DC5743DCB53}.NUnit|x86.ActiveCfg = Release|x86
		{3BC7B2EA-D430-4B71-8C32-7DC5743DCB53}.NUnit|x86.Build.0 = Release|x86
		{3BC7B2EA-D430-4B71-8C32-7DC5743DCB53}.Release|Any CPU.ActiveCfg = Release|x86
		{3BC7B2EA-D430-4B71-8C32-7DC5743DCB53}.Release|Mixed Platforms.ActiveCfg = Release|x86
		{3BC7B2EA-D430-4B71-8C32-7DC5743DCB53}.Release|Mixed Platforms.Build.0 = Release|x86
		{3BC7B2EA-D430-4B71-8C32-7DC5743DCB53}.Release|x86.ActiveCfg = Release|x86
		{3BC7B2EA-D430-4B71-8C32-7DC5743DCB53}.Release|x86.Build.0 = Release|x86
		{3BC7B2EA-D430-4B71-8C32-7DC5743DCB53}.Release-Xml|Any CPU.ActiveCfg = Release|x86
		{3BC7B2EA-D430-4B71-8C32-7DC5743DCB53}.Release-Xml|Mixed Platforms.ActiveCfg = Release|x86
		{3BC7B2EA-D430-4B71-8C32-7DC5743DCB53}.Release-Xml|Mixed Platforms.Build.0 = Release|x86
		{3BC7B2EA-D430-4B71-8C32-7DC5743DCB53}.Release-Xml|x86.ActiveCfg = Release|x86
		{3BC7B2EA-D430-4B71-8C32-7DC5743DCB53}.Release-Xml|x86.Build.0 = Release|x86
		{0BB02253-CBC5-47C4-9919-90CF75FDFD7A}.Debug|Any CPU.ActiveCfg = Debug|x86
		{0BB02253-CBC5-47C4-9919-90CF75FDFD7A}.Debug|Mixed Platforms.ActiveCfg = Debug|x86
		{0BB02253-CBC5-47C4-9919-90CF75FDFD7A}.Debug|Mixed Platforms.Build.0 = Debug|x86
		{0BB02253-CBC5-47C4-9919-90CF75FDFD7A}.Debug|x86.ActiveCfg = Debug|x86
		{0BB02253-CBC5-47C4-9919-90CF75FDFD7A}.Debug|x86.Build.0 = Debug|x86
		{0BB02253-CBC5-47C4-9919-90CF75FDFD7A}.Debug-XML|Any CPU.ActiveCfg = Debug|x86
		{0BB02253-CBC5-47C4-9919-90CF75FDFD7A}.Debug-XML|Mixed Platforms.ActiveCfg = Debug|x86
		{0BB02253-CBC5-47C4-9919-90CF75FDFD7A}.Debug-XML|Mixed Platforms.Build.0 = Debug|x86
		{0BB02253-CBC5-47C4-9919-90CF75FDFD7A}.Debug-XML|x86.ActiveCfg = Debug|x86
		{0BB02253-CBC5-47C4-9919-90CF75FDFD7A}.Debug-XML|x86.Build.0 = Debug|x86
		{0BB02253-CBC5-47C4-9919-90CF75FDFD7A}.NUnit|Any CPU.ActiveCfg = Release|x86
		{0BB02253-CBC5-47C4-9919-90CF75FDFD7A}.NUnit|Mixed Platforms.ActiveCfg = Release|x86
		{0BB02253-CBC5-47C4-9919-90CF75FDFD7A}.NUnit|Mixed Platforms.Build.0 = Release|x86
		{0BB02253-CBC5-47C4-9919-90CF75FDFD7A}.NUnit|x86.ActiveCfg = Release|x86
		{0BB02253-CBC5-47C4-9919-90CF75FDFD7A}.NUnit|x86.Build.0 = Release|x86
		{0BB02253-CBC5-47C4-9919-90CF75FDFD7A}.Release|Any CPU.ActiveCfg = Release|x86
		{0BB02253-CBC5-47C4-9919-90CF75FDFD7A}.Release|Mixed Platforms.ActiveCfg = Release|x86
		{0BB02253-CBC5-47C4-9919-90CF75FDFD7A}.Release|Mixed Platforms.Build.0 = Release|x86
		{0BB02253-CBC5-47C4-9919-90CF75FDFD7A}.Release|x86.ActiveCfg = Release|x86
		{0BB02253-CBC5-47C4-9919-90CF75FDFD7A}.Release|x86.Build.0 = Release|x86
		{0BB02253-CBC5-47C4-9919-90CF75FDFD7A}.Release-Xml|Any CPU.ActiveCfg = Release|x86
		{0BB02253-CBC5-47C4-9919-90CF75FDFD7A}.Release-Xml|Mixed Platforms.ActiveCfg = Release|x86
		{0BB02253-CBC5-47C4-9919-90CF75FDFD7A}.Release-Xml|Mixed Platforms.Build.0 = Release|x86
		{0BB02253-CBC5-47C4-9919-90CF75FDFD7A}.Release-Xml|x86.ActiveCfg = Release|x86
		{0BB02253-CBC5-47C4-9919-90CF75FDFD7A}.Release-Xml|x86.Build.0 = Release|x86
		{B4B6C362-77E0-4A18-B4F2-58EA935EAA4B}.Debug|Any CPU.ActiveCfg = Debug|x86
		{B4B6C362-77E0-4A18-B4F2-58EA935EAA4B}.Debug|Mixed Platforms.ActiveCfg = Debug|x86
		{B4B6C362-77E0-4A18-B4F2-58EA935EAA4B}.Debug|Mixed Platforms.Build.0 = Debug|x86
		{B4B6C362-77E0-4A18-B4F2-58EA935EAA4B}.Debug|x86.ActiveCfg = Debug|x86
		{B4B6C362-77E0-4A18-B4F2-58EA935EAA4B}.Debug|x86.Build.0 = Debug|x86
		{B4B6C362-77E0-4A18-B4F2-58EA935EAA4B}.Debug-XML|Any CPU.ActiveCfg = Debug|x86
		{B4B6C362-77E0-4A18-B4F2-58EA935EAA4B}.Debug-XML|Mixed Platforms.ActiveCfg = Debug|x86
		{B4B6C362-77E0-4A18-B4F2-58EA935EAA4B}.Debug-XML|Mixed Platforms.Build.0 = Debug|x86
		{B4B6C362-77E0-4A18-B4F2-58EA935EAA4B}.Debug-XML|x86.ActiveCfg = Debug|x86
		{B4B6C362-77E0-4A18-B4F2-58EA935EAA4B}.Debug-XML|x86.Build.0 = Debug|x86
		{B4B6C362-77E0-4A18-B4F2-58EA935EAA4B}.NUnit|Any CPU.ActiveCfg = Release|x86
		{B4B6C362-77E0-4A18-B4F2-58EA935EAA4B}.NUnit|Mixed Platforms.ActiveCfg = Release|x86
		{B4B6C362-77E0-4A18-B4F2-58EA935EAA4B}.NUnit|Mixed Platforms.Build.0 = Release|x86
		{B4B6C362-77E0-4A18-B4F2-58EA935EAA4B}.NUnit|x86.ActiveCfg = Release|x86
		{B4B6C362-77E0-4A18-B4F2-58EA935EAA4B}.NUnit|x86.Build.0 = Release|x86
		{B4B6C362-77E0-4A18-B4F2-58EA935EAA4B}.Release|Any CPU.ActiveCfg = Release|x86
		{B4B6C362-77E0-4A18-B4F2-58EA935EAA4B}.Release|Mixed Platforms.ActiveCfg = Release|x86
		{B4B6C362-77E0-4A18-B4F2-58EA935EAA4B}.Release|Mixed Platforms.Build.0 = Release|x86
		{B4B6C362-77E0-4A18-B4F2-58EA935EAA4B}.Release|x86.ActiveCfg = Release|x86
		{B4B6C362-77E0-4A18-B4F2-58EA935EAA4B}.Release|x86.Build.0 = Release|x86
		{B4B6C362-77E0-4A18-B4F2-58EA935EAA4B}.Release-Xml|Any CPU.ActiveCfg = Release|x86
		{B4B6C362-77E0-4A18-B4F2-58EA935EAA4B}.Release-Xml|Mixed Platforms.ActiveCfg = Release|x86
		{B4B6C362-77E0-4A18-B4F2-58EA935EAA4B}.Release-Xml|Mixed Platforms.Build.0 = Release|x86
		{B4B6C362-77E0-4A18-B4F2-58EA935EAA4B}.Release-Xml|x86.ActiveCfg = Release|x86
		{B4B6C362-77E0-4A18-B4F2-58EA935EAA4B}.Release-Xml|x86.Build.0 = Release|x86
		{CFDBC3D3-1FBF-4F8E-9693-829296C7BB16}.Debug|Any CPU.ActiveCfg = Debug|x86
		{CFDBC3D3-1FBF-4F8E-9693-829296C7BB16}.Debug|Mixed Platforms.ActiveCfg = Debug|x86
		{CFDBC3D3-1FBF-4F8E-9693-829296C7BB16}.Debug|Mixed Platforms.Build.0 = Debug|x86
		{CFDBC3D3-1FBF-4F8E-9693-829296C7BB16}.Debug|x86.ActiveCfg = Debug|x86
		{CFDBC3D3-1FBF-4F8E-9693-829296C7BB16}.Debug|x86.Build.0 = Debug|x86
		{CFDBC3D3-1FBF-4F8E-9693-829296C7BB16}.Debug-XML|Any CPU.ActiveCfg = Debug|x86
		{CFDBC3D3-1FBF-4F8E-9693-829296C7BB16}.Debug-XML|Mixed Platforms.ActiveCfg = Debug|x86
		{CFDBC3D3-1FBF-4F8E-9693-829296C7BB16}.Debug-XML|Mixed Platforms.Build.0 = Debug|x86
		{CFDBC3D3-1FBF-4F8E-9693-829296C7BB16}.Debug-XML|x86.ActiveCfg = Debug|x86
		{CFDBC3D3-1FBF-4F8E-9693-829296C7BB16}.Debug-XML|x86.Build.0 = Debug|x86
		{CFDBC3D3-1FBF-4F8E-9693-829296C7BB16}.NUnit|Any CPU.ActiveCfg = Release|x86
		{CFDBC3D3-1FBF-4F8E-9693-829296C7BB16}.NUnit|Mixed Platforms.ActiveCfg = Release|x86
		{CFDBC3D3-1FBF-4F8E-9693-829296C7BB16}.NUnit|Mixed Platforms.Build.0 = Release|x86
		{CFDBC3D3-1FBF-4F8E-9693-829296C7BB16}.NUnit|x86.ActiveCfg = Release|x86
		{CFDBC3D3-1FBF-4F8E-9693-829296C7BB16}.NUnit|x86.Build.0 = Release|x86
		{CFDBC3D3-1FBF-4F8E-9693-829296C7BB16}.Release|Any CPU.ActiveCfg = Release|x86
		{CFDBC3D3-1FBF-4F8E-9693-829296C7BB16}.Release|Mixed Platforms.ActiveCfg = Release|x86
		{CFDBC3D3-1FBF-4F8E-9693-829296C7BB16}.Release|Mixed Platforms.Build.0 = Release|x86
		{CFDBC3D3-1FBF-4F8E-9693-829296C7BB16}.Release|x86.ActiveCfg = Release|x86
		{CFDBC3D3-1FBF-4F8E-9693-829296C7BB16}.Release|x86.Build.0 = Release|x86
		{CFDBC3D3-1FBF-4F8E-9693-829296C7BB16}.Release-Xml|Any CPU.ActiveCfg = Release|x86
		{CFDBC3D3-1FBF-4F8E-9693-829296C7BB16}.Release-Xml|Mixed Platforms.ActiveCfg = Release|x86
		{CFDBC3D3-1FBF-4F8E-9693-829296C7BB16}.Release-Xml|Mixed Platforms.Build.0 = Release|x86
		{CFDBC3D3-1FBF-4F8E-9693-829296C7BB16}.Release-Xml|x86.ActiveCfg = Release|x86
		{CFDBC3D3-1FBF-4F8E-9693-829296C7BB16}.Release-Xml|x86.Build.0 = Release|x86
		{A5D7A6E0-A776-4DDE-AEF0-A0F88C78BAD1}.Debug|Any CPU.ActiveCfg = Debug|x86
		{A5D7A6E0-A776-4DDE-AEF0-A0F88C78BAD1}.Debug|Mixed Platforms.ActiveCfg = Debug|x86
		{A5D7A6E0-A776-4DDE-AEF0-A0F88C78BAD1}.Debug|Mixed Platforms.Build.0 = Debug|x86
		{A5D7A6E0-A776-4DDE-AEF0-A0F88C78BAD1}.Debug|x86.ActiveCfg = Debug|x86
		{A5D7A6E0-A776-4DDE-AEF0-A0F88C78BAD1}.Debug|x86.Build.0 = Debug|x86
		{A5D7A6E0-A776-4DDE-AEF0-A0F88C78BAD1}.Debug-XML|Any CPU.ActiveCfg = Debug|x86
		{A5D7A6E0-A776-4DDE-AEF0-A0F88C78BAD1}.Debug-XML|Mixed Platforms.ActiveCfg = Debug|x86
		{A5D7A6E0-A776-4DDE-AEF0-A0F88C78BAD1}.Debug-XML|Mixed Platforms.Build.0 = Debug|x86
		{A5D7A6E0-A776-4DDE-AEF0-A0F88C78BAD1}.Debug-XML|x86.ActiveCfg = Debug|x86
		{A5D7A6E0-A776-4DDE-AEF0-A0F88C78BAD1}.Debug-XML|x86.Build.0 = Debug|x86
		{A5D7A6E0-A776-4DDE-AEF0-A0F88C78BAD1}.NUnit|Any CPU.ActiveCfg = Release|x86
		{A5D7A6E0-A776-4DDE-AEF0-A0F88C78BAD1}.NUnit|Mixed Platforms.ActiveCfg = Release|x86
		{A5D7A6E0-A776-4DDE-AEF0-A0F88C78BAD1}.NUnit|Mixed Platforms.Build.0 = Release|x86
		{A5D7A6E0-A776-4DDE-AEF0-A0F88C78BAD1}.NUnit|x86.ActiveCfg = Release|x86
		{A5D7A6E0-A776-4DDE-AEF0-A0F88C78BAD1}.NUnit|x86.Build.0 = Release|x86
		{A5D7A6E0-A776-4DDE-AEF0-A0F88C78BAD1}.Release|Any CPU.ActiveCfg = Release|x86
		{A5D7A6E0-A776-4DDE-AEF0-A0F88C78BAD1}.Release|Mixed Platforms.ActiveCfg = Release|x86
		{A5D7A6E0-A776-4DDE-AEF0-A0F88C78BAD1}.Release|Mixed Platforms.Build.0 = Release|x86
		{A5D7A6E0-A776-4DDE-AEF0-A0F88C78BAD1}.Release|x86.ActiveCfg = Release|x86
		{A5D7A6E0-A776-4DDE-AEF0-A0F88C78BAD1}.Release|x86.Build.0 = Release|x86
		{A5D7A6E0-A776-4DDE-AEF0-A0F88C78BAD1}.Release-Xml|Any CPU.ActiveCfg = Release|x86
		{A5D7A6E0-A776-4DDE-AEF0-A0F88C78BAD1}.Release-Xml|Mixed Platforms.ActiveCfg = Release|x86
		{A5D7A6E0-A776-4DDE-AEF0-A0F88C78BAD1}.Release-Xml|Mixed Platforms.Build.0 = Release|x86
		{A5D7A6E0-A776-4DDE-AEF0-A0F88C78BAD1}.Release-Xml|x86.ActiveCfg = Release|x86
		{A5D7A6E0-A776-4DDE-AEF0-A0F88C78BAD1}.Release-Xml|x86.Build.0 = Release|x86
	EndGlobalSection
	GlobalSection(SolutionProperties) = preSolution
		HideSolutionNode = FALSE
	EndGlobalSection
	GlobalSection(NestedProjects) = preSolution
		{9B8696D0-FBEB-4A9F-86AF-D4EE17D089D5} = {2C3570B9-1AC6-4E94-A36F-FAEC90A853A5}
		{5DFF187C-63B9-4C2B-AD8A-4336AC642234} = {2C3570B9-1AC6-4E94-A36F-FAEC90A853A5}
		{7ACA8479-E632-4396-9A0F-339223294EF1} = {9B8696D0-FBEB-4A9F-86AF-D4EE17D089D5}
		{D5795B73-1A66-4E0D-B87A-D1A8AC337967} = {9B8696D0-FBEB-4A9F-86AF-D4EE17D089D5}
		{1D233E6F-2C2E-44B6-A0F5-8C62D836C2C2} = {9B8696D0-FBEB-4A9F-86AF-D4EE17D089D5}
		{35A7D042-89C7-4C43-A12C-0A2319067880} = {9B8696D0-FBEB-4A9F-86AF-D4EE17D089D5}
		{3CA48C9E-8FBF-4E9D-83D2-D8E8687F6C2E} = {9B8696D0-FBEB-4A9F-86AF-D4EE17D089D5}
		{88C5EC1C-8F4F-4EF4-BB2C-B917425369DA} = {5DFF187C-63B9-4C2B-AD8A-4336AC642234}
		{ADAAE2D8-16C2-418A-8BC2-DFB57ABC4047} = {5DFF187C-63B9-4C2B-AD8A-4336AC642234}
		{9E27A1BF-24FB-4E91-821E-6EE93E081328} = {5DFF187C-63B9-4C2B-AD8A-4336AC642234}
		{066CABD6-A7F2-4A31-A1A4-3B58056551B0} = {5DFF187C-63B9-4C2B-AD8A-4336AC642234}
		{8FAC4DBD-B848-4506-899D-0D06E0209E64} = {5DFF187C-63B9-4C2B-AD8A-4336AC642234}
		{92160EEE-D795-42AC-81DC-4550B4FE2332} = {5DFF187C-63B9-4C2B-AD8A-4336AC642234}
		{466D18B1-7FB3-4A94-B14B-BDD6E58B594A} = {5DFF187C-63B9-4C2B-AD8A-4336AC642234}
		{1D653C0C-4326-4F17-9662-153DD420A933} = {5DFF187C-63B9-4C2B-AD8A-4336AC642234}
		{3BC7B2EA-D430-4B71-8C32-7DC5743DCB53} = {5DFF187C-63B9-4C2B-AD8A-4336AC642234}
		{0BB02253-CBC5-47C4-9919-90CF75FDFD7A} = {5DFF187C-63B9-4C2B-AD8A-4336AC642234}
		{B4B6C362-77E0-4A18-B4F2-58EA935EAA4B} = {5DFF187C-63B9-4C2B-AD8A-4336AC642234}
		{CFDBC3D3-1FBF-4F8E-9693-829296C7BB16} = {5DFF187C-63B9-4C2B-AD8A-4336AC642234}
		{A5D7A6E0-A776-4DDE-AEF0-A0F88C78BAD1} = {5DFF187C-63B9-4C2B-AD8A-4336AC642234}
	EndGlobalSection
EndGlobal
